<?xml version="1.0" encoding="utf-8"?>
<Project ToolsVersion="4.0" xmlns="http://schemas.microsoft.com/developer/msbuild/2003">
  <ItemGroup>
    <Filter Include="Source Files">
      <UniqueIdentifier>{4FC737F1-C7A5-4376-A066-2A32D752A2FF}</UniqueIdentifier>
      <Extensions>cpp;c;cc;cxx;def;odl;idl;hpj;bat;asm;asmx</Extensions>
    </Filter>
    <Filter Include="Header Files">
      <UniqueIdentifier>{93995380-89BD-4b04-88EB-625FBE52EBFB}</UniqueIdentifier>
      <Extensions>h;hh;hpp;hxx;hm;inl;inc;xsd</Extensions>
    </Filter>
    <Filter Include="Resource Files">
      <UniqueIdentifier>{67DA6AB6-F800-4c08-8B7A-83BB121AAD01}</UniqueIdentifier>
      <Extensions>rc;ico;cur;bmp;dlg;rc2;rct;bin;rgs;gif;jpg;jpeg;jpe;resx;tiff;tif;png;wav;mfcribbon-ms</Extensions>
    </Filter>
  </ItemGroup>
  <ItemGroup>
    <Text Include="ReadMe.txt" />
  </ItemGroup>
  <ItemGroup>
    <ClInclude Include="targetver.h">
      <Filter>Header Files</Filter>
    </ClInclude>
    <ClInclude Include="..\..\..\core\framework\network\server\NetworkManagerServer.h">
      <Filter>Source Files</Filter>
    </ClInclude>
    <ClInclude Include="..\..\..\core\framework\network\server\ReplicationManagerServer.h">
      <Filter>Source Files</Filter>
    </ClInclude>
    <ClInclude Include="..\..\..\core\framework\network\server\ReplicationManagerTransmissionData.h">
      <Filter>Source Files</Filter>
    </ClInclude>
    <ClInclude Include="..\..\..\core\framework\network\server\RoboCatServer.h">
      <Filter>Source Files</Filter>
    </ClInclude>
    <ClInclude Include="..\..\..\core\framework\network\server\RoboCatServerPCH.h">
      <Filter>Source Files</Filter>
    </ClInclude>
    <ClInclude Include="..\..\..\core\framework\network\server\RodentServer.h">
      <Filter>Source Files</Filter>
    </ClInclude>
    <ClInclude Include="..\..\..\core\framework\network\server\Server.h">
      <Filter>Source Files</Filter>
    </ClInclude>
    <ClInclude Include="..\..\..\core\framework\network\server\YarnServer.h">
      <Filter>Source Files</Filter>
    </ClInclude>
    <ClInclude Include="..\..\..\core\framework\network\server\ClientProxy.h">
      <Filter>Source Files</Filter>
    </ClInclude>
    <ClInclude Include="..\..\..\core\framework\network\portable\AckRange.h">
      <Filter>Source Files</Filter>
    </ClInclude>
    <ClInclude Include="..\..\..\core\framework\network\portable\ByteSwap.h">
      <Filter>Source Files</Filter>
    </ClInclude>
    <ClInclude Include="..\..\..\core\framework\network\portable\DeliveryNotificationManager.h">
      <Filter>Source Files</Filter>
    </ClInclude>
    <ClInclude Include="..\..\..\core\framework\network\portable\Engine.h">
      <Filter>Source Files</Filter>
    </ClInclude>
    <ClInclude Include="..\..\..\core\framework\network\portable\GameObject.h">
      <Filter>Source Files</Filter>
    </ClInclude>
    <ClInclude Include="..\..\..\core\framework\network\portable\GameObjectRegistry.h">
      <Filter>Source Files</Filter>
    </ClInclude>
    <ClInclude Include="..\..\..\core\framework\network\portable\InFlightPacket.h">
      <Filter>Source Files</Filter>
    </ClInclude>
    <ClInclude Include="..\..\..\core\framework\network\portable\InputAction.h">
      <Filter>Source Files</Filter>
    </ClInclude>
    <ClInclude Include="..\..\..\core\framework\network\portable\InputState.h">
      <Filter>Source Files</Filter>
    </ClInclude>
    <ClInclude Include="..\..\..\core\framework\network\portable\LinkingContext.h">
      <Filter>Source Files</Filter>
    </ClInclude>
    <ClInclude Include="..\..\..\core\framework\network\portable\MemoryBitStream.h">
      <Filter>Source Files</Filter>
    </ClInclude>
    <ClInclude Include="..\..\..\core\framework\network\portable\Move.h">
      <Filter>Source Files</Filter>
    </ClInclude>
    <ClInclude Include="..\..\..\core\framework\network\portable\MoveList.h">
      <Filter>Source Files</Filter>
    </ClInclude>
    <ClInclude Include="..\..\..\core\framework\network\portable\NetworkManager.h">
      <Filter>Source Files</Filter>
    </ClInclude>
    <ClInclude Include="..\..\..\core\framework\network\portable\ReplicationCommand.h">
      <Filter>Source Files</Filter>
    </ClInclude>
    <ClInclude Include="..\..\..\core\framework\network\portable\RoboCat.h">
      <Filter>Source Files</Filter>
    </ClInclude>
    <ClInclude Include="..\..\..\core\framework\network\portable\RoboCatShared.h">
      <Filter>Source Files</Filter>
    </ClInclude>
    <ClInclude Include="..\..\..\core\framework\network\portable\RoboMath.h">
      <Filter>Source Files</Filter>
    </ClInclude>
    <ClInclude Include="..\..\..\core\framework\network\portable\Rodent.h">
      <Filter>Source Files</Filter>
    </ClInclude>
    <ClInclude Include="..\..\..\core\framework\network\portable\ScoreBoardManager.h">
      <Filter>Source Files</Filter>
    </ClInclude>
    <ClInclude Include="..\..\..\core\framework\network\portable\SocketAddress.h">
      <Filter>Source Files</Filter>
    </ClInclude>
    <ClInclude Include="..\..\..\core\framework\network\portable\SocketAddressFactory.h">
      <Filter>Source Files</Filter>
    </ClInclude>
    <ClInclude Include="..\..\..\core\framework\network\portable\SocketUtil.h">
      <Filter>Source Files</Filter>
    </ClInclude>
    <ClInclude Include="..\..\..\core\framework\network\portable\StringUtils.h">
      <Filter>Source Files</Filter>
    </ClInclude>
    <ClInclude Include="..\..\..\core\framework\network\portable\TCPSocket.h">
      <Filter>Source Files</Filter>
    </ClInclude>
    <ClInclude Include="..\..\..\core\framework\network\portable\Timing.h">
      <Filter>Source Files</Filter>
    </ClInclude>
    <ClInclude Include="..\..\..\core\framework\network\portable\TransmissionData.h">
      <Filter>Source Files</Filter>
    </ClInclude>
    <ClInclude Include="..\..\..\core\framework\network\portable\UDPSocket.h">
      <Filter>Source Files</Filter>
    </ClInclude>
    <ClInclude Include="..\..\..\core\framework\network\portable\WeightedTimedMovingAverage.h">
      <Filter>Source Files</Filter>
    </ClInclude>
    <ClInclude Include="..\..\..\core\framework\network\portable\World.h">
      <Filter>Source Files</Filter>
    </ClInclude>
    <ClInclude Include="..\..\..\core\framework\network\portable\Yarn.h">
      <Filter>Source Files</Filter>
    </ClInclude>
    <ClInclude Include="pch.h">
      <Filter>Header Files</Filter>
    </ClInclude>
  </ItemGroup>
  <ItemGroup>
    <ClCompile Include="..\..\..\core\framework\network\server\NetworkManagerServer.cpp">
      <Filter>Source Files</Filter>
    </ClCompile>
    <ClCompile Include="..\..\..\core\framework\network\server\ReplicationManagerServer.cpp">
      <Filter>Source Files</Filter>
    </ClCompile>
    <ClCompile Include="..\..\..\core\framework\network\server\ReplicationManagerTransmissionData.cpp">
      <Filter>Source Files</Filter>
    </ClCompile>
    <ClCompile Include="..\..\..\core\framework\network\server\RoboCatServer.cpp">
      <Filter>Source Files</Filter>
    </ClCompile>
    <ClCompile Include="..\..\..\core\framework\network\server\RoboCatServerPCH.cpp">
      <Filter>Source Files</Filter>
    </ClCompile>
    <ClCompile Include="..\..\..\core\framework\network\server\RodentServer.cpp">
      <Filter>Source Files</Filter>
    </ClCompile>
    <ClCompile Include="..\..\..\core\framework\network\server\Server.cpp">
      <Filter>Source Files</Filter>
    </ClCompile>
    <ClCompile Include="..\..\..\core\framework\network\server\YarnServer.cpp">
      <Filter>Source Files</Filter>
    </ClCompile>
    <ClCompile Include="..\..\..\core\framework\network\server\ClientProxy.cpp">
      <Filter>Source Files</Filter>
    </ClCompile>
    <ClCompile Include="..\..\..\core\framework\network\portable\DeliveryNotificationManager.cpp">
      <Filter>Source Files</Filter>
    </ClCompile>
    <ClCompile Include="..\..\..\core\framework\network\portable\Engine.cpp">
      <Filter>Source Files</Filter>
    </ClCompile>
    <ClCompile Include="..\..\..\core\framework\network\portable\GameObject.cpp">
      <Filter>Source Files</Filter>
    </ClCompile>
    <ClCompile Include="..\..\..\core\framework\network\portable\GameObjectRegistry.cpp">
      <Filter>Source Files</Filter>
    </ClCompile>
    <ClCompile Include="..\..\..\core\framework\network\portable\InFlightPacket.cpp">
      <Filter>Source Files</Filter>
    </ClCompile>
    <ClCompile Include="..\..\..\core\framework\network\portable\InputState.cpp">
      <Filter>Source Files</Filter>
    </ClCompile>
    <ClCompile Include="..\..\..\core\framework\network\portable\MemoryBitStream.cpp">
      <Filter>Source Files</Filter>
    </ClCompile>
    <ClCompile Include="..\..\..\core\framework\network\portable\Move.cpp">
      <Filter>Source Files</Filter>
    </ClCompile>
    <ClCompile Include="..\..\..\core\framework\network\portable\MoveList.cpp">
      <Filter>Source Files</Filter>
    </ClCompile>
    <ClCompile Include="..\..\..\core\framework\network\portable\NetworkManager.cpp">
      <Filter>Source Files</Filter>
    </ClCompile>
    <ClCompile Include="..\..\..\core\framework\network\portable\RoboCat.cpp">
      <Filter>Source Files</Filter>
    </ClCompile>
    <ClCompile Include="..\..\..\core\framework\network\portable\RoboMath.cpp">
      <Filter>Source Files</Filter>
    </ClCompile>
    <ClCompile Include="..\..\..\core\framework\network\portable\Rodent.cpp">
      <Filter>Source Files</Filter>
    </ClCompile>
    <ClCompile Include="..\..\..\core\framework\network\portable\ScoreBoardManager.cpp">
      <Filter>Source Files</Filter>
    </ClCompile>
    <ClCompile Include="..\..\..\core\framework\network\portable\SocketAddress.cpp">
      <Filter>Source Files</Filter>
    </ClCompile>
    <ClCompile Include="..\..\..\core\framework\network\portable\SocketAddressFactory.cpp">
      <Filter>Source Files</Filter>
    </ClCompile>
    <ClCompile Include="..\..\..\core\framework\network\portable\SocketUtil.cpp">
      <Filter>Source Files</Filter>
    </ClCompile>
    <ClCompile Include="..\..\..\core\framework\network\portable\StringUtils.cpp">
      <Filter>Source Files</Filter>
    </ClCompile>
    <ClCompile Include="..\..\..\core\framework\network\portable\TCPSocket.cpp">
      <Filter>Source Files</Filter>
    </ClCompile>
    <ClCompile Include="..\..\..\core\framework\network\portable\Timing.cpp">
      <Filter>Source Files</Filter>
    </ClCompile>
    <ClCompile Include="..\..\..\core\framework\network\portable\UDPSocket.cpp">
      <Filter>Source Files</Filter>
    </ClCompile>
    <ClCompile Include="..\..\..\core\framework\network\portable\World.cpp">
      <Filter>Source Files</Filter>
    </ClCompile>
    <ClCompile Include="..\..\..\core\framework\network\portable\Yarn.cpp">
      <Filter>Source Files</Filter>
    </ClCompile>
    <ClCompile Include="..\..\..\core\framework\network\portable\AckRange.cpp">
      <Filter>Source Files</Filter>
    </ClCompile>
    <ClCompile Include="main.cpp">
      <Filter>Source Files</Filter>
    </ClCompile>
    <ClCompile Include="pch.cpp">
      <Filter>Source Files</Filter>
    </ClCompile>
  </ItemGroup>
</Project>