<?xml version="1.0" encoding="utf-8"?>
<Project ToolsVersion="4.0" xmlns="http://schemas.microsoft.com/developer/msbuild/2003">
  <ItemGroup>
    <ClInclude Include="..\..\..\core\framework\entity\*.h" />
    <ClInclude Include="..\..\..\core\framework\file\portable\*.h" />
    <ClInclude Include="..\..\..\core\framework\math\*.h" />
    <ClInclude Include="..\..\..\core\framework\network\server\*.h" />
    <ClInclude Include="..\..\..\core\framework\network\portable\*.h" />
    <ClInclude Include="..\..\..\core\framework\state\*.h" />
    <ClInclude Include="..\..\..\core\framework\util\*.h" />
    <ClInclude Include="..\..\..\core\game\logic\*.h" />
    <ClInclude Include="..\..\..\core\game\server\*.h" />
    <ClInclude Include="*.h" />
  </ItemGroup>
  <ItemGroup>
    <ClCompile Include="..\..\..\core\framework\entity\*.cpp" />
    <ClCompile Include="..\..\..\core\framework\file\portable\*.cpp" />
    <ClCompile Include="..\..\..\core\framework\math\*.cpp" />
    <ClCompile Include="..\..\..\core\framework\network\server\*.cpp" />
    <ClCompile Include="..\..\..\core\framework\network\portable\*.cpp" />
    <ClCompile Include="..\..\..\core\framework\state\*.cpp" />
    <ClCompile Include="..\..\..\core\framework\util\*.cpp" />
    <ClCompile Include="..\..\..\core\game\logic\*.cpp" />
    <ClCompile Include="..\..\..\core\game\server\*.cpp" />
    <ClCompile Include="..\..\server\*.cpp" />
    <ClCompile Include="pch.cpp">
      <PrecompiledHeader>Create</PrecompiledHeader>
    </ClCompile>
  </ItemGroup>
</Project>