<?xml version="1.0" encoding="utf-8"?>
<Project ToolsVersion="4.0" xmlns="http://schemas.microsoft.com/developer/msbuild/2003">
  <ItemGroup>
    <Filter Include="Assets">
      <UniqueIdentifier>3abefd9f-583e-42a5-a923-d8efb46319e3</UniqueIdentifier>
      <Extensions>wav;png</Extensions>
    </Filter>
    <Filter Include="Shaders">
      <UniqueIdentifier>{b18237f9-8ca2-4fab-bf24-da4b112010b6}</UniqueIdentifier>
      <Extensions>hlsl</Extensions>
    </Filter>
  </ItemGroup>
  <ItemGroup>
    <ClInclude Include="..\..\core\framework\entity\*.h" />
    <ClInclude Include="..\..\core\framework\file\portable\*.h" />
    <ClInclude Include="..\..\core\framework\file\windows\*.h" />
    <ClInclude Include="..\..\core\framework\graphics\directx\*.h" />
    <ClInclude Include="..\..\core\framework\graphics\portable\*.h" />
    <ClInclude Include="..\..\core\framework\input\*.h" />
    <ClInclude Include="..\..\core\framework\math\*.h" />
    <ClInclude Include="..\..\core\framework\network\client\*.h" />
    <ClInclude Include="..\..\core\framework\network\portable\*.h" />
    <ClInclude Include="..\..\core\framework\network\server\*.h" />
    <ClInclude Include="..\..\core\framework\network\steam\*.h" />
    <ClInclude Include="..\..\core\framework\audio\portable\*.h" />
    <ClInclude Include="..\..\core\framework\audio\directx\*.h" />
    <ClInclude Include="..\..\core\framework\util\*.h" />
    <ClInclude Include="..\..\core\game\graphics\directx\*.h" />
    <ClInclude Include="..\..\core\game\graphics\portable\*.h" />
    <ClInclude Include="..\..\core\game\logic\*.h" />
    <ClInclude Include="..\..\core\game\network\*.h" />
    <ClInclude Include="*.h" />
  </ItemGroup>
  <ItemGroup>
    <ClCompile Include="..\..\core\framework\entity\*.cpp" />
    <ClCompile Include="..\..\core\framework\file\portable\*.cpp" />
    <ClCompile Include="..\..\core\framework\file\windows\*.cpp" />
    <ClCompile Include="..\..\core\framework\graphics\directx\*.cpp" />
    <ClCompile Include="..\..\core\framework\graphics\portable\*.cpp" />
    <ClCompile Include="..\..\core\framework\input\*.cpp" />
    <ClCompile Include="..\..\core\framework\math\*.cpp" />
    <ClCompile Include="..\..\core\framework\network\client\*.cpp" />
    <ClCompile Include="..\..\core\framework\network\portable\*.cpp" />
    <ClCompile Include="..\..\core\framework\network\server\*.cpp" />
    <ClCompile Include="..\..\core\framework\network\steam\*.cpp" />
    <ClCompile Include="..\..\core\framework\audio\portable\*.cpp" />
    <ClCompile Include="..\..\core\framework\audio\directx\*.cpp" />
    <ClCompile Include="..\..\core\framework\util\*.cpp" />
    <ClCompile Include="..\..\core\game\graphics\directx\*.cpp" />
    <ClCompile Include="..\..\core\game\graphics\portable\*.cpp" />
    <ClCompile Include="..\..\core\game\logic\*.cpp" />
    <ClCompile Include="..\..\core\game\network\*.cpp" />
    <ClCompile Include="Main.cpp" />
    <ClCompile Include="pch.cpp" />
  </ItemGroup>
  <ItemGroup>
    <ResourceCompile Include="resource.rc" />
  </ItemGroup>
  <ItemGroup>
    <Image Include="icon.ico" />
  </ItemGroup>
  <ItemGroup>
    <Manifest Include="settings.manifest">
      <Filter>Assets</Filter>
    </Manifest>
  </ItemGroup>
  <ItemGroup>
    <FxCompile Include="..\..\core\framework\graphics\directx\shader\*frag.hlsl">
      <Filter>Shaders</Filter>
    </FxCompile>
    <FxCompile Include="..\..\core\framework\graphics\directx\shader\*vert.hlsl">
      <Filter>Shaders</Filter>
    </FxCompile>
    <FxCompile Include="..\..\core\game\graphics\directx\shader\*frag.hlsl">
      <Filter>Shaders</Filter>
    </FxCompile>
    <FxCompile Include="..\..\core\game\graphics\directx\shader\*vert.hlsl">
      <Filter>Shaders</Filter>
    </FxCompile>
  </ItemGroup>
  <ItemGroup>
    <CustomBuild Include="..\..\..\assets\textures\*.cfg">
      <Filter>Assets</Filter>
    </CustomBuild>
    <CustomBuild Include="..\..\..\assets\textures\*.png">
      <Filter>Assets</Filter>
    </CustomBuild>
    <CustomBuild Include="..\..\..\assets\music\*.wav">
      <Filter>Assets</Filter>
    </CustomBuild>
    <CustomBuild Include="..\..\..\assets\sounds\*.wav">
      <Filter>Assets</Filter>
    </CustomBuild>
  </ItemGroup>
</Project>