<?xml version="1.0" encoding="utf-8"?>
<Project ToolsVersion="4.0" xmlns="http://schemas.microsoft.com/developer/msbuild/2003">
  <ItemGroup>
    <Filter Include="Audio">
      <UniqueIdentifier>3abefd9f-583e-42a5-a923-d8efb46319e3</UniqueIdentifier>
      <Extensions>wav</Extensions>
    </Filter>
    <Filter Include="Config">
      <UniqueIdentifier>3abefd9f-583e-42a5-a923-d8efb46319f3</UniqueIdentifier>
      <Extensions>cfg</Extensions>
    </Filter>
    <Filter Include="Textures">
      <UniqueIdentifier>3abefd9f-583e-42a5-a923-d8efb46319b3</UniqueIdentifier>
      <Extensions>png</Extensions>
    </Filter>
    <Filter Include="Shaders">
      <UniqueIdentifier>{b18237f9-8ca2-4fab-bf24-da4b112010b6}</UniqueIdentifier>
      <Extensions>hlsl;vsh;fsh</Extensions>
    </Filter>
    <Filter Include="Source">
      <UniqueIdentifier>{b18237f9-8ca2-4fab-bf24-da4b112010b2}</UniqueIdentifier>
      <Extensions>h;cpp</Extensions>
    </Filter>
    <Filter Include="Encrypted">
      <UniqueIdentifier>{b18237f9-8ca2-4fab-bf24-da4b112010b1}</UniqueIdentifier>
      <Extensions>ngs;ngt</Extensions>
    </Filter>
  </ItemGroup>
  <ItemGroup>
    <ResourceCompile Include="resource.rc" />
  </ItemGroup>
  <ItemGroup>
    <Image Include="icon.ico" />
  </ItemGroup>
  <ItemGroup>
    <Manifest Include="settings.manifest" />
  </ItemGroup>
</Project>