<?xml version="1.0" encoding="UTF-8" standalone="yes" ?>
<CodeBlocks_project_file>
	<FileVersion major="1" minor="6" />
	<Project>
		<Option title="dante" />
		<Option pch_mode="2" />
		<Option compiler="gcc" />
		<Build>
			<Target title="Debug">
				<Option output="bin/Debug/dante" prefix_auto="1" extension_auto="1" />
				<Option object_output="obj/Debug/" />
				<Option type="1" />
				<Option compiler="gcc" />
				<Compiler>
					<Add option="-std=c++11" />
					<Add option="-g" />
					<Add option="-DNG_STEAM -DPOSIX -D_DEBUG -D_GLFW_X11 -fpermissive" />
				</Compiler>
				<ExtraCommands>
					<Add after="cp -R $(PROJECT_DIR)bin/Debug/dante $(PROJECT_DIR)./dante_build" />
					<Mode after="always" />
				</ExtraCommands>
			</Target>
			<Target title="Release">
				<Option output="bin/Release/dante" prefix_auto="1" extension_auto="1" />
				<Option object_output="obj/Release/" />
				<Option type="0" />
				<Option compiler="gcc" />
				<Compiler>
					<Add option="-O2" />
					<Add option="-std=c++11" />
					<Add option="-DNG_STEAM -DPOSIX -D_GLFW_X11 -DNG_LAUNCH_AS_FULL_SCREEN -fpermissive" />
				</Compiler>
				<Linker>
					<Add option="-s" />
				</Linker>
				<ExtraCommands>
					<Add after="cp -R $(PROJECT_DIR)bin/Release/dante $(PROJECT_DIR)./dante_build" />
					<Mode after="always" />
				</ExtraCommands>
			</Target>
		</Build>
		<Compiler>
			<Add option="-Wall" />
			<Add directory="../../3rdparty/glfw/include" />
			<Add directory="../../core" />
			<Add directory="../../3rdparty/Box2D/Box2D" />
			<Add directory="../../3rdparty/libpng" />
			<Add directory="../../3rdparty/rapidjson/include" />
			<Add directory="../../3rdparty/TinyThread/source" />
			<Add directory="../linux" />
			<Add directory="/usr/include/" />
			<Add directory="../../3rdparty/steamworks_sdk/public" />
		</Compiler>
		<Linker>
			<Add library="GL" />
			<Add library="X11" />
			<Add library="pthread" />
			<Add library="m" />
			<Add library="dl" />
			<Add library="z" />
			<Add library="GLEW" />
			<Add library="GLU" />
			<Add library="../../3rdparty/steamworks_sdk/redistributable_bin/linux64/libsteam_api.so" />
			<Add library="alut" />
			<Add library="openal" />
		</Linker>
		<ExtraCommands>
			<Add before="#!/bin/bash" />
			<Add before="chmod 777 $(PROJECT_DIR)../../../tools/encrypt_textures_and_shaders.sh" />
			<Add before="/bin/bash $(PROJECT_DIR)../../../tools/encrypt_textures_and_shaders.sh $(PROJECT_DIR)../../../ XOREncryptDecryptLinux" />
			<Add before="mkdir -p $(PROJECT_DIR)data" />
			<Add before="mkdir -p $(PROJECT_DIR)data/shaders" />
			<Add before="mkdir -p $(PROJECT_DIR)data/sounds" />
			<Add before="mkdir -p $(PROJECT_DIR)data/music" />
			<Add before="mkdir -p $(PROJECT_DIR)data/textures" />
			<Add before="cp -R $(PROJECT_DIR)../../../src/core/framework/graphics/opengl/shader/*.ngs $(PROJECT_DIR)data/shaders/" />
			<Add before="cp -R $(PROJECT_DIR)../../../assets/textures/*.ngt $(PROJECT_DIR)data/textures/" />
			<Add before="cp -R $(PROJECT_DIR)../../../assets/music/*.wav $(PROJECT_DIR)data/music/" />
			<Add before="cp -R $(PROJECT_DIR)../../../assets/sounds/*.wav $(PROJECT_DIR)data/sounds/" />
			<Add after="cp -R $(PROJECT_DIR)../../../src/3rdparty/steamworks_sdk/redistributable_bin/linux64/*.so $(PROJECT_DIR)" />
			<Mode after="always" />
		</ExtraCommands>
		<Unit filename="../../3rdparty/Box2D/Box2D/Box2D/Box2D.h" />
		<Unit filename="../../3rdparty/Box2D/Box2D/Box2D/Collision/Shapes/b2ChainShape.cpp" />
		<Unit filename="../../3rdparty/Box2D/Box2D/Box2D/Collision/Shapes/b2ChainShape.h" />
		<Unit filename="../../3rdparty/Box2D/Box2D/Box2D/Collision/Shapes/b2CircleShape.cpp" />
		<Unit filename="../../3rdparty/Box2D/Box2D/Box2D/Collision/Shapes/b2CircleShape.h" />
		<Unit filename="../../3rdparty/Box2D/Box2D/Box2D/Collision/Shapes/b2EdgeShape.cpp" />
		<Unit filename="../../3rdparty/Box2D/Box2D/Box2D/Collision/Shapes/b2EdgeShape.h" />
		<Unit filename="../../3rdparty/Box2D/Box2D/Box2D/Collision/Shapes/b2PolygonShape.cpp" />
		<Unit filename="../../3rdparty/Box2D/Box2D/Box2D/Collision/Shapes/b2PolygonShape.h" />
		<Unit filename="../../3rdparty/Box2D/Box2D/Box2D/Collision/Shapes/b2Shape.h" />
		<Unit filename="../../3rdparty/Box2D/Box2D/Box2D/Collision/b2BroadPhase.cpp" />
		<Unit filename="../../3rdparty/Box2D/Box2D/Box2D/Collision/b2BroadPhase.h" />
		<Unit filename="../../3rdparty/Box2D/Box2D/Box2D/Collision/b2CollideCircle.cpp" />
		<Unit filename="../../3rdparty/Box2D/Box2D/Box2D/Collision/b2CollideEdge.cpp" />
		<Unit filename="../../3rdparty/Box2D/Box2D/Box2D/Collision/b2CollidePolygon.cpp" />
		<Unit filename="../../3rdparty/Box2D/Box2D/Box2D/Collision/b2Collision.cpp" />
		<Unit filename="../../3rdparty/Box2D/Box2D/Box2D/Collision/b2Collision.h" />
		<Unit filename="../../3rdparty/Box2D/Box2D/Box2D/Collision/b2Distance.cpp" />
		<Unit filename="../../3rdparty/Box2D/Box2D/Box2D/Collision/b2Distance.h" />
		<Unit filename="../../3rdparty/Box2D/Box2D/Box2D/Collision/b2DynamicTree.cpp" />
		<Unit filename="../../3rdparty/Box2D/Box2D/Box2D/Collision/b2DynamicTree.h" />
		<Unit filename="../../3rdparty/Box2D/Box2D/Box2D/Collision/b2TimeOfImpact.cpp" />
		<Unit filename="../../3rdparty/Box2D/Box2D/Box2D/Collision/b2TimeOfImpact.h" />
		<Unit filename="../../3rdparty/Box2D/Box2D/Box2D/Common/b2BlockAllocator.cpp" />
		<Unit filename="../../3rdparty/Box2D/Box2D/Box2D/Common/b2BlockAllocator.h" />
		<Unit filename="../../3rdparty/Box2D/Box2D/Box2D/Common/b2Draw.cpp" />
		<Unit filename="../../3rdparty/Box2D/Box2D/Box2D/Common/b2Draw.h" />
		<Unit filename="../../3rdparty/Box2D/Box2D/Box2D/Common/b2GrowableStack.h" />
		<Unit filename="../../3rdparty/Box2D/Box2D/Box2D/Common/b2Math.cpp" />
		<Unit filename="../../3rdparty/Box2D/Box2D/Box2D/Common/b2Math.h" />
		<Unit filename="../../3rdparty/Box2D/Box2D/Box2D/Common/b2Settings.cpp" />
		<Unit filename="../../3rdparty/Box2D/Box2D/Box2D/Common/b2Settings.h" />
		<Unit filename="../../3rdparty/Box2D/Box2D/Box2D/Common/b2StackAllocator.cpp" />
		<Unit filename="../../3rdparty/Box2D/Box2D/Box2D/Common/b2StackAllocator.h" />
		<Unit filename="../../3rdparty/Box2D/Box2D/Box2D/Common/b2Timer.cpp" />
		<Unit filename="../../3rdparty/Box2D/Box2D/Box2D/Common/b2Timer.h" />
		<Unit filename="../../3rdparty/Box2D/Box2D/Box2D/Dynamics/Contacts/b2ChainAndCircleContact.cpp" />
		<Unit filename="../../3rdparty/Box2D/Box2D/Box2D/Dynamics/Contacts/b2ChainAndCircleContact.h" />
		<Unit filename="../../3rdparty/Box2D/Box2D/Box2D/Dynamics/Contacts/b2ChainAndPolygonContact.cpp" />
		<Unit filename="../../3rdparty/Box2D/Box2D/Box2D/Dynamics/Contacts/b2ChainAndPolygonContact.h" />
		<Unit filename="../../3rdparty/Box2D/Box2D/Box2D/Dynamics/Contacts/b2CircleContact.cpp" />
		<Unit filename="../../3rdparty/Box2D/Box2D/Box2D/Dynamics/Contacts/b2CircleContact.h" />
		<Unit filename="../../3rdparty/Box2D/Box2D/Box2D/Dynamics/Contacts/b2Contact.cpp" />
		<Unit filename="../../3rdparty/Box2D/Box2D/Box2D/Dynamics/Contacts/b2Contact.h" />
		<Unit filename="../../3rdparty/Box2D/Box2D/Box2D/Dynamics/Contacts/b2ContactSolver.cpp" />
		<Unit filename="../../3rdparty/Box2D/Box2D/Box2D/Dynamics/Contacts/b2ContactSolver.h" />
		<Unit filename="../../3rdparty/Box2D/Box2D/Box2D/Dynamics/Contacts/b2EdgeAndCircleContact.cpp" />
		<Unit filename="../../3rdparty/Box2D/Box2D/Box2D/Dynamics/Contacts/b2EdgeAndCircleContact.h" />
		<Unit filename="../../3rdparty/Box2D/Box2D/Box2D/Dynamics/Contacts/b2EdgeAndPolygonContact.cpp" />
		<Unit filename="../../3rdparty/Box2D/Box2D/Box2D/Dynamics/Contacts/b2EdgeAndPolygonContact.h" />
		<Unit filename="../../3rdparty/Box2D/Box2D/Box2D/Dynamics/Contacts/b2PolygonAndCircleContact.cpp" />
		<Unit filename="../../3rdparty/Box2D/Box2D/Box2D/Dynamics/Contacts/b2PolygonAndCircleContact.h" />
		<Unit filename="../../3rdparty/Box2D/Box2D/Box2D/Dynamics/Contacts/b2PolygonContact.cpp" />
		<Unit filename="../../3rdparty/Box2D/Box2D/Box2D/Dynamics/Contacts/b2PolygonContact.h" />
		<Unit filename="../../3rdparty/Box2D/Box2D/Box2D/Dynamics/Joints/b2DistanceJoint.cpp" />
		<Unit filename="../../3rdparty/Box2D/Box2D/Box2D/Dynamics/Joints/b2DistanceJoint.h" />
		<Unit filename="../../3rdparty/Box2D/Box2D/Box2D/Dynamics/Joints/b2FrictionJoint.cpp" />
		<Unit filename="../../3rdparty/Box2D/Box2D/Box2D/Dynamics/Joints/b2FrictionJoint.h" />
		<Unit filename="../../3rdparty/Box2D/Box2D/Box2D/Dynamics/Joints/b2GearJoint.cpp" />
		<Unit filename="../../3rdparty/Box2D/Box2D/Box2D/Dynamics/Joints/b2GearJoint.h" />
		<Unit filename="../../3rdparty/Box2D/Box2D/Box2D/Dynamics/Joints/b2Joint.cpp" />
		<Unit filename="../../3rdparty/Box2D/Box2D/Box2D/Dynamics/Joints/b2Joint.h" />
		<Unit filename="../../3rdparty/Box2D/Box2D/Box2D/Dynamics/Joints/b2MotorJoint.cpp" />
		<Unit filename="../../3rdparty/Box2D/Box2D/Box2D/Dynamics/Joints/b2MotorJoint.h" />
		<Unit filename="../../3rdparty/Box2D/Box2D/Box2D/Dynamics/Joints/b2MouseJoint.cpp" />
		<Unit filename="../../3rdparty/Box2D/Box2D/Box2D/Dynamics/Joints/b2MouseJoint.h" />
		<Unit filename="../../3rdparty/Box2D/Box2D/Box2D/Dynamics/Joints/b2PrismaticJoint.cpp" />
		<Unit filename="../../3rdparty/Box2D/Box2D/Box2D/Dynamics/Joints/b2PrismaticJoint.h" />
		<Unit filename="../../3rdparty/Box2D/Box2D/Box2D/Dynamics/Joints/b2PulleyJoint.cpp" />
		<Unit filename="../../3rdparty/Box2D/Box2D/Box2D/Dynamics/Joints/b2PulleyJoint.h" />
		<Unit filename="../../3rdparty/Box2D/Box2D/Box2D/Dynamics/Joints/b2RevoluteJoint.cpp" />
		<Unit filename="../../3rdparty/Box2D/Box2D/Box2D/Dynamics/Joints/b2RevoluteJoint.h" />
		<Unit filename="../../3rdparty/Box2D/Box2D/Box2D/Dynamics/Joints/b2RopeJoint.cpp" />
		<Unit filename="../../3rdparty/Box2D/Box2D/Box2D/Dynamics/Joints/b2RopeJoint.h" />
		<Unit filename="../../3rdparty/Box2D/Box2D/Box2D/Dynamics/Joints/b2WeldJoint.cpp" />
		<Unit filename="../../3rdparty/Box2D/Box2D/Box2D/Dynamics/Joints/b2WeldJoint.h" />
		<Unit filename="../../3rdparty/Box2D/Box2D/Box2D/Dynamics/Joints/b2WheelJoint.cpp" />
		<Unit filename="../../3rdparty/Box2D/Box2D/Box2D/Dynamics/Joints/b2WheelJoint.h" />
		<Unit filename="../../3rdparty/Box2D/Box2D/Box2D/Dynamics/b2Body.cpp" />
		<Unit filename="../../3rdparty/Box2D/Box2D/Box2D/Dynamics/b2Body.h" />
		<Unit filename="../../3rdparty/Box2D/Box2D/Box2D/Dynamics/b2ContactManager.cpp" />
		<Unit filename="../../3rdparty/Box2D/Box2D/Box2D/Dynamics/b2ContactManager.h" />
		<Unit filename="../../3rdparty/Box2D/Box2D/Box2D/Dynamics/b2Fixture.cpp" />
		<Unit filename="../../3rdparty/Box2D/Box2D/Box2D/Dynamics/b2Fixture.h" />
		<Unit filename="../../3rdparty/Box2D/Box2D/Box2D/Dynamics/b2Island.cpp" />
		<Unit filename="../../3rdparty/Box2D/Box2D/Box2D/Dynamics/b2Island.h" />
		<Unit filename="../../3rdparty/Box2D/Box2D/Box2D/Dynamics/b2TimeStep.h" />
		<Unit filename="../../3rdparty/Box2D/Box2D/Box2D/Dynamics/b2World.cpp" />
		<Unit filename="../../3rdparty/Box2D/Box2D/Box2D/Dynamics/b2World.h" />
		<Unit filename="../../3rdparty/Box2D/Box2D/Box2D/Dynamics/b2WorldCallbacks.cpp" />
		<Unit filename="../../3rdparty/Box2D/Box2D/Box2D/Dynamics/b2WorldCallbacks.h" />
		<Unit filename="../../3rdparty/Box2D/Box2D/Box2D/Rope/b2Rope.cpp" />
		<Unit filename="../../3rdparty/Box2D/Box2D/Box2D/Rope/b2Rope.h" />
		<Unit filename="../../3rdparty/TinyThread/source/fast_mutex.h" />
		<Unit filename="../../3rdparty/TinyThread/source/tinythread.cpp" />
		<Unit filename="../../3rdparty/TinyThread/source/tinythread.h" />
		<Unit filename="../../3rdparty/glfw/include/GLFW/glfw3.h" />
		<Unit filename="../../3rdparty/glfw/include/GLFW/glfw3native.h" />
		<Unit filename="../../3rdparty/glfw/src/context.c">
			<Option compilerVar="CC" />
		</Unit>
		<Unit filename="../../3rdparty/glfw/src/egl_context.c">
			<Option compilerVar="CC" />
		</Unit>
		<Unit filename="../../3rdparty/glfw/src/egl_context.h" />
		<Unit filename="../../3rdparty/glfw/src/glx_context.c">
			<Option compilerVar="CC" />
		</Unit>
		<Unit filename="../../3rdparty/glfw/src/glx_context.h" />
		<Unit filename="../../3rdparty/glfw/src/init.c">
			<Option compilerVar="CC" />
		</Unit>
		<Unit filename="../../3rdparty/glfw/src/input.c">
			<Option compilerVar="CC" />
		</Unit>
		<Unit filename="../../3rdparty/glfw/src/internal.h" />
		<Unit filename="../../3rdparty/glfw/src/linux_joystick.c">
			<Option compilerVar="CC" />
		</Unit>
		<Unit filename="../../3rdparty/glfw/src/linux_joystick.h" />
		<Unit filename="../../3rdparty/glfw/src/mappings.h" />
		<Unit filename="../../3rdparty/glfw/src/monitor.c">
			<Option compilerVar="CC" />
		</Unit>
		<Unit filename="../../3rdparty/glfw/src/osmesa_context.c">
			<Option compilerVar="CC" />
		</Unit>
		<Unit filename="../../3rdparty/glfw/src/osmesa_context.h" />
		<Unit filename="../../3rdparty/glfw/src/posix_thread.c">
			<Option compilerVar="CC" />
		</Unit>
		<Unit filename="../../3rdparty/glfw/src/posix_thread.h" />
		<Unit filename="../../3rdparty/glfw/src/posix_time.c">
			<Option compilerVar="CC" />
		</Unit>
		<Unit filename="../../3rdparty/glfw/src/posix_time.h" />
		<Unit filename="../../3rdparty/glfw/src/vulkan.c">
			<Option compilerVar="CC" />
		</Unit>
		<Unit filename="../../3rdparty/glfw/src/window.c">
			<Option compilerVar="CC" />
		</Unit>
		<Unit filename="../../3rdparty/glfw/src/x11_init.c">
			<Option compilerVar="CC" />
		</Unit>
		<Unit filename="../../3rdparty/glfw/src/x11_monitor.c">
			<Option compilerVar="CC" />
		</Unit>
		<Unit filename="../../3rdparty/glfw/src/x11_platform.h" />
		<Unit filename="../../3rdparty/glfw/src/x11_window.c">
			<Option compilerVar="CC" />
		</Unit>
		<Unit filename="../../3rdparty/glfw/src/xkb_unicode.c">
			<Option compilerVar="CC" />
		</Unit>
		<Unit filename="../../3rdparty/glfw/src/xkb_unicode.h" />
		<Unit filename="../../3rdparty/libpng/png.c">
			<Option compilerVar="CC" />
		</Unit>
		<Unit filename="../../3rdparty/libpng/png.h" />
		<Unit filename="../../3rdparty/libpng/pngconf.h" />
		<Unit filename="../../3rdparty/libpng/pngdebug.h" />
		<Unit filename="../../3rdparty/libpng/pngerror.c">
			<Option compilerVar="CC" />
		</Unit>
		<Unit filename="../../3rdparty/libpng/pngget.c">
			<Option compilerVar="CC" />
		</Unit>
		<Unit filename="../../3rdparty/libpng/pnginfo.h" />
		<Unit filename="../../3rdparty/libpng/pnglibconf.h" />
		<Unit filename="../../3rdparty/libpng/pngmem.c">
			<Option compilerVar="CC" />
		</Unit>
		<Unit filename="../../3rdparty/libpng/pngpread.c">
			<Option compilerVar="CC" />
		</Unit>
		<Unit filename="../../3rdparty/libpng/pngpriv.h" />
		<Unit filename="../../3rdparty/libpng/pngread.c">
			<Option compilerVar="CC" />
		</Unit>
		<Unit filename="../../3rdparty/libpng/pngrio.c">
			<Option compilerVar="CC" />
		</Unit>
		<Unit filename="../../3rdparty/libpng/pngrtran.c">
			<Option compilerVar="CC" />
		</Unit>
		<Unit filename="../../3rdparty/libpng/pngrutil.c">
			<Option compilerVar="CC" />
		</Unit>
		<Unit filename="../../3rdparty/libpng/pngset.c">
			<Option compilerVar="CC" />
		</Unit>
		<Unit filename="../../3rdparty/libpng/pngstruct.h" />
		<Unit filename="../../3rdparty/libpng/pngtrans.c">
			<Option compilerVar="CC" />
		</Unit>
		<Unit filename="../../3rdparty/libpng/pngwio.c">
			<Option compilerVar="CC" />
		</Unit>
		<Unit filename="../../3rdparty/libpng/pngwrite.c">
			<Option compilerVar="CC" />
		</Unit>
		<Unit filename="../../3rdparty/libpng/pngwtran.c">
			<Option compilerVar="CC" />
		</Unit>
		<Unit filename="../../3rdparty/libpng/pngwutil.c">
			<Option compilerVar="CC" />
		</Unit>
		<Unit filename="../../3rdparty/rapidjson/include/rapidjson/allocators.h" />
		<Unit filename="../../3rdparty/rapidjson/include/rapidjson/cursorstreamwrapper.h" />
		<Unit filename="../../3rdparty/rapidjson/include/rapidjson/document.h" />
		<Unit filename="../../3rdparty/rapidjson/include/rapidjson/encodedstream.h" />
		<Unit filename="../../3rdparty/rapidjson/include/rapidjson/encodings.h" />
		<Unit filename="../../3rdparty/rapidjson/include/rapidjson/error/en.h" />
		<Unit filename="../../3rdparty/rapidjson/include/rapidjson/error/error.h" />
		<Unit filename="../../3rdparty/rapidjson/include/rapidjson/filereadstream.h" />
		<Unit filename="../../3rdparty/rapidjson/include/rapidjson/filewritestream.h" />
		<Unit filename="../../3rdparty/rapidjson/include/rapidjson/fwd.h" />
		<Unit filename="../../3rdparty/rapidjson/include/rapidjson/internal/biginteger.h" />
		<Unit filename="../../3rdparty/rapidjson/include/rapidjson/internal/diyfp.h" />
		<Unit filename="../../3rdparty/rapidjson/include/rapidjson/internal/dtoa.h" />
		<Unit filename="../../3rdparty/rapidjson/include/rapidjson/internal/ieee754.h" />
		<Unit filename="../../3rdparty/rapidjson/include/rapidjson/internal/itoa.h" />
		<Unit filename="../../3rdparty/rapidjson/include/rapidjson/internal/meta.h" />
		<Unit filename="../../3rdparty/rapidjson/include/rapidjson/internal/pow10.h" />
		<Unit filename="../../3rdparty/rapidjson/include/rapidjson/internal/regex.h" />
		<Unit filename="../../3rdparty/rapidjson/include/rapidjson/internal/stack.h" />
		<Unit filename="../../3rdparty/rapidjson/include/rapidjson/internal/strfunc.h" />
		<Unit filename="../../3rdparty/rapidjson/include/rapidjson/internal/strtod.h" />
		<Unit filename="../../3rdparty/rapidjson/include/rapidjson/internal/swap.h" />
		<Unit filename="../../3rdparty/rapidjson/include/rapidjson/istreamwrapper.h" />
		<Unit filename="../../3rdparty/rapidjson/include/rapidjson/memorybuffer.h" />
		<Unit filename="../../3rdparty/rapidjson/include/rapidjson/memorystream.h" />
		<Unit filename="../../3rdparty/rapidjson/include/rapidjson/ostreamwrapper.h" />
		<Unit filename="../../3rdparty/rapidjson/include/rapidjson/pointer.h" />
		<Unit filename="../../3rdparty/rapidjson/include/rapidjson/prettywriter.h" />
		<Unit filename="../../3rdparty/rapidjson/include/rapidjson/rapidjson.h" />
		<Unit filename="../../3rdparty/rapidjson/include/rapidjson/reader.h" />
		<Unit filename="../../3rdparty/rapidjson/include/rapidjson/schema.h" />
		<Unit filename="../../3rdparty/rapidjson/include/rapidjson/stream.h" />
		<Unit filename="../../3rdparty/rapidjson/include/rapidjson/stringbuffer.h" />
		<Unit filename="../../3rdparty/rapidjson/include/rapidjson/writer.h" />
		<Unit filename="../../3rdparty/steamworks_sdk/public/steam/isteamapplist.h" />
		<Unit filename="../../3rdparty/steamworks_sdk/public/steam/isteamapps.h" />
		<Unit filename="../../3rdparty/steamworks_sdk/public/steam/isteamappticket.h" />
		<Unit filename="../../3rdparty/steamworks_sdk/public/steam/isteamclient.h" />
		<Unit filename="../../3rdparty/steamworks_sdk/public/steam/isteamcontroller.h" />
		<Unit filename="../../3rdparty/steamworks_sdk/public/steam/isteamfriends.h" />
		<Unit filename="../../3rdparty/steamworks_sdk/public/steam/isteamgamecoordinator.h" />
		<Unit filename="../../3rdparty/steamworks_sdk/public/steam/isteamgameserver.h" />
		<Unit filename="../../3rdparty/steamworks_sdk/public/steam/isteamgameserverstats.h" />
		<Unit filename="../../3rdparty/steamworks_sdk/public/steam/isteamhtmlsurface.h" />
		<Unit filename="../../3rdparty/steamworks_sdk/public/steam/isteamhttp.h" />
		<Unit filename="../../3rdparty/steamworks_sdk/public/steam/isteaminventory.h" />
		<Unit filename="../../3rdparty/steamworks_sdk/public/steam/isteammasterserverupdater.h" />
		<Unit filename="../../3rdparty/steamworks_sdk/public/steam/isteammatchmaking.h" />
		<Unit filename="../../3rdparty/steamworks_sdk/public/steam/isteammusic.h" />
		<Unit filename="../../3rdparty/steamworks_sdk/public/steam/isteammusicremote.h" />
		<Unit filename="../../3rdparty/steamworks_sdk/public/steam/isteamnetworking.h" />
		<Unit filename="../../3rdparty/steamworks_sdk/public/steam/isteamparentalsettings.h" />
		<Unit filename="../../3rdparty/steamworks_sdk/public/steam/isteamps3overlayrenderer.h" />
		<Unit filename="../../3rdparty/steamworks_sdk/public/steam/isteamremotestorage.h" />
		<Unit filename="../../3rdparty/steamworks_sdk/public/steam/isteamscreenshots.h" />
		<Unit filename="../../3rdparty/steamworks_sdk/public/steam/isteamugc.h" />
		<Unit filename="../../3rdparty/steamworks_sdk/public/steam/isteamunifiedmessages.h" />
		<Unit filename="../../3rdparty/steamworks_sdk/public/steam/isteamuser.h" />
		<Unit filename="../../3rdparty/steamworks_sdk/public/steam/isteamuserstats.h" />
		<Unit filename="../../3rdparty/steamworks_sdk/public/steam/isteamutils.h" />
		<Unit filename="../../3rdparty/steamworks_sdk/public/steam/isteamvideo.h" />
		<Unit filename="../../3rdparty/steamworks_sdk/public/steam/matchmakingtypes.h" />
		<Unit filename="../../3rdparty/steamworks_sdk/public/steam/steam_api.h" />
		<Unit filename="../../3rdparty/steamworks_sdk/public/steam/steam_api_flat.h" />
		<Unit filename="../../3rdparty/steamworks_sdk/public/steam/steam_api_internal.h" />
		<Unit filename="../../3rdparty/steamworks_sdk/public/steam/steam_gameserver.h" />
		<Unit filename="../../3rdparty/steamworks_sdk/public/steam/steamclientpublic.h" />
		<Unit filename="../../3rdparty/steamworks_sdk/public/steam/steamencryptedappticket.h" />
		<Unit filename="../../3rdparty/steamworks_sdk/public/steam/steamhttpenums.h" />
		<Unit filename="../../3rdparty/steamworks_sdk/public/steam/steamps3params.h" />
		<Unit filename="../../3rdparty/steamworks_sdk/public/steam/steamtypes.h" />
		<Unit filename="../../3rdparty/steamworks_sdk/public/steam/steamuniverse.h" />
		<Unit filename="../../core/framework/audio/linux/LinuxAudioEngineHelper.cpp" />
		<Unit filename="../../core/framework/audio/linux/LinuxAudioEngineHelper.h" />
		<Unit filename="../../core/framework/audio/linux/LinuxSound.cpp" />
		<Unit filename="../../core/framework/audio/linux/LinuxSound.h" />
		<Unit filename="../../core/framework/audio/linux/LinuxSoundWrapper.cpp" />
		<Unit filename="../../core/framework/audio/linux/LinuxSoundWrapper.h" />
		<Unit filename="../../core/framework/audio/portable/AudioEngineHelper.cpp" />
		<Unit filename="../../core/framework/audio/portable/AudioEngineHelper.h" />
		<Unit filename="../../core/framework/audio/portable/AudioEngineHelperFactory.cpp" />
		<Unit filename="../../core/framework/audio/portable/AudioEngineHelperFactory.h" />
		<Unit filename="../../core/framework/audio/portable/NGAudioEngine.cpp" />
		<Unit filename="../../core/framework/audio/portable/NGAudioEngine.h" />
		<Unit filename="../../core/framework/audio/portable/NullAudioEngineHelper.cpp" />
		<Unit filename="../../core/framework/audio/portable/NullAudioEngineHelper.h" />
		<Unit filename="../../core/framework/audio/portable/NullSound.cpp" />
		<Unit filename="../../core/framework/audio/portable/NullSound.h" />
		<Unit filename="../../core/framework/audio/portable/NullSoundWrapper.cpp" />
		<Unit filename="../../core/framework/audio/portable/NullSoundWrapper.h" />
		<Unit filename="../../core/framework/audio/portable/Sound.cpp" />
		<Unit filename="../../core/framework/audio/portable/Sound.h" />
		<Unit filename="../../core/framework/audio/portable/SoundWrapper.cpp" />
		<Unit filename="../../core/framework/audio/portable/SoundWrapper.h" />
		<Unit filename="../../core/framework/entity/Entity.cpp" />
		<Unit filename="../../core/framework/entity/Entity.h" />
		<Unit filename="../../core/framework/entity/EntityManager.cpp" />
		<Unit filename="../../core/framework/entity/EntityManager.h" />
		<Unit filename="../../core/framework/entity/EntityRegistry.cpp" />
		<Unit filename="../../core/framework/entity/EntityRegistry.h" />
		<Unit filename="../../core/framework/entity/GridManager.cpp" />
		<Unit filename="../../core/framework/entity/GridManager.h" />
		<Unit filename="../../core/framework/file/linux/LinuxAssetDataHandler.cpp" />
		<Unit filename="../../core/framework/file/linux/LinuxAssetDataHandler.h" />
		<Unit filename="../../core/framework/file/portable/AssetDataHandler.cpp" />
		<Unit filename="../../core/framework/file/portable/AssetDataHandler.h" />
		<Unit filename="../../core/framework/file/portable/FileData.cpp" />
		<Unit filename="../../core/framework/file/portable/FileData.h" />
		<Unit filename="../../core/framework/file/portable/JsonFile.cpp" />
		<Unit filename="../../core/framework/file/portable/JsonFile.h" />
		<Unit filename="../../core/framework/graphics/opengl/OpenGLPngImageData.h" />
		<Unit filename="../../core/framework/graphics/opengl/OpenGLProgramLoader.cpp" />
		<Unit filename="../../core/framework/graphics/opengl/OpenGLProgramLoader.h" />
		<Unit filename="../../core/framework/graphics/opengl/OpenGLRendererHelper.cpp" />
		<Unit filename="../../core/framework/graphics/opengl/OpenGLRendererHelper.h" />
		<Unit filename="../../core/framework/graphics/opengl/OpenGLTextureLoader.cpp" />
		<Unit filename="../../core/framework/graphics/opengl/OpenGLTextureLoader.h" />
		<Unit filename="../../core/framework/graphics/portable/Assets.cpp" />
		<Unit filename="../../core/framework/graphics/portable/Assets.h" />
		<Unit filename="../../core/framework/graphics/portable/AssetsMapper.cpp" />
		<Unit filename="../../core/framework/graphics/portable/AssetsMapper.h" />
		<Unit filename="../../core/framework/graphics/portable/CircleBatcher.cpp" />
		<Unit filename="../../core/framework/graphics/portable/CircleBatcher.h" />
		<Unit filename="../../core/framework/graphics/portable/Color.cpp" />
		<Unit filename="../../core/framework/graphics/portable/Color.h" />
		<Unit filename="../../core/framework/graphics/portable/Font.cpp" />
		<Unit filename="../../core/framework/graphics/portable/Font.h" />
		<Unit filename="../../core/framework/graphics/portable/FontAlign.h" />
		<Unit filename="../../core/framework/graphics/portable/LineBatcher.cpp" />
		<Unit filename="../../core/framework/graphics/portable/LineBatcher.h" />
		<Unit filename="../../core/framework/graphics/portable/NGAnimation.cpp" />
		<Unit filename="../../core/framework/graphics/portable/NGAnimation.h" />
		<Unit filename="../../core/framework/graphics/portable/NGFramebufferToScreenProgram.cpp" />
		<Unit filename="../../core/framework/graphics/portable/NGFramebufferToScreenProgram.h" />
		<Unit filename="../../core/framework/graphics/portable/NGGeometryProgram.cpp" />
		<Unit filename="../../core/framework/graphics/portable/NGGeometryProgram.h" />
		<Unit filename="../../core/framework/graphics/portable/NGGraphics.h" />
		<Unit filename="../../core/framework/graphics/portable/NGPrimitiveType.h" />
		<Unit filename="../../core/framework/graphics/portable/NGRectBatcher.cpp" />
		<Unit filename="../../core/framework/graphics/portable/NGRectBatcher.h" />
		<Unit filename="../../core/framework/graphics/portable/NGShaderUniformInput.cpp" />
		<Unit filename="../../core/framework/graphics/portable/NGShaderUniformInput.h" />
		<Unit filename="../../core/framework/graphics/portable/NGShaderVarInput.cpp" />
		<Unit filename="../../core/framework/graphics/portable/NGShaderVarInput.h" />
		<Unit filename="../../core/framework/graphics/portable/NGTexture.cpp" />
		<Unit filename="../../core/framework/graphics/portable/NGTexture.h" />
		<Unit filename="../../core/framework/graphics/portable/NGTextureProgram.cpp" />
		<Unit filename="../../core/framework/graphics/portable/NGTextureProgram.h" />
		<Unit filename="../../core/framework/graphics/portable/NGTextureSlot.h" />
		<Unit filename="../../core/framework/graphics/portable/Renderer.cpp" />
		<Unit filename="../../core/framework/graphics/portable/Renderer.h" />
		<Unit filename="../../core/framework/graphics/portable/RendererHelper.cpp" />
		<Unit filename="../../core/framework/graphics/portable/RendererHelper.h" />
		<Unit filename="../../core/framework/graphics/portable/RendererHelperFactory.cpp" />
		<Unit filename="../../core/framework/graphics/portable/RendererHelperFactory.h" />
		<Unit filename="../../core/framework/graphics/portable/ShaderProgram.cpp" />
		<Unit filename="../../core/framework/graphics/portable/ShaderProgram.h" />
		<Unit filename="../../core/framework/graphics/portable/ShaderProgramLoader.cpp" />
		<Unit filename="../../core/framework/graphics/portable/ShaderProgramLoader.h" />
		<Unit filename="../../core/framework/graphics/portable/ShaderProgramLoaderFactory.cpp" />
		<Unit filename="../../core/framework/graphics/portable/ShaderProgramLoaderFactory.h" />
		<Unit filename="../../core/framework/graphics/portable/ShaderProgramWrapper.h" />
		<Unit filename="../../core/framework/graphics/portable/SpriteBatcher.cpp" />
		<Unit filename="../../core/framework/graphics/portable/SpriteBatcher.h" />
		<Unit filename="../../core/framework/graphics/portable/TextureDataWrapper.h" />
		<Unit filename="../../core/framework/graphics/portable/TextureLoader.cpp" />
		<Unit filename="../../core/framework/graphics/portable/TextureLoader.h" />
		<Unit filename="../../core/framework/graphics/portable/TextureLoaderFactory.cpp" />
		<Unit filename="../../core/framework/graphics/portable/TextureLoaderFactory.h" />
		<Unit filename="../../core/framework/graphics/portable/TextureRegion.cpp" />
		<Unit filename="../../core/framework/graphics/portable/TextureRegion.h" />
		<Unit filename="../../core/framework/graphics/portable/TextureWrapper.h" />
		<Unit filename="../../core/framework/graphics/portable/VertexProgramInput.h" />
		<Unit filename="../../core/framework/input/CursorConverter.cpp" />
		<Unit filename="../../core/framework/input/CursorConverter.h" />
		<Unit filename="../../core/framework/input/CursorEvent.cpp" />
		<Unit filename="../../core/framework/input/CursorEvent.h" />
		<Unit filename="../../core/framework/input/CursorEventType.h" />
		<Unit filename="../../core/framework/input/CursorInputManager.cpp" />
		<Unit filename="../../core/framework/input/CursorInputManager.h" />
		<Unit filename="../../core/framework/input/GamePadEvent.cpp" />
		<Unit filename="../../core/framework/input/GamePadEvent.h" />
		<Unit filename="../../core/framework/input/GamePadEventType.h" />
		<Unit filename="../../core/framework/input/GamePadInputManager.cpp" />
		<Unit filename="../../core/framework/input/GamePadInputManager.h" />
		<Unit filename="../../core/framework/input/KeyboardEvent.cpp" />
		<Unit filename="../../core/framework/input/KeyboardEvent.h" />
		<Unit filename="../../core/framework/input/KeyboardInputManager.cpp" />
		<Unit filename="../../core/framework/input/KeyboardInputManager.h" />
		<Unit filename="../../core/framework/input/KeyboardLookup.h" />
		<Unit filename="../../core/framework/main/glfw/GlfwMain.cpp" />
		<Unit filename="../../core/framework/main/glfw/GlfwMain.h" />
		<Unit filename="../../core/framework/main/portable/Engine.cpp" />
		<Unit filename="../../core/framework/main/portable/Engine.h" />
		<Unit filename="../../core/framework/math/Circle.cpp" />
		<Unit filename="../../core/framework/math/Circle.h" />
		<Unit filename="../../core/framework/math/Line.cpp" />
		<Unit filename="../../core/framework/math/Line.h" />
		<Unit filename="../../core/framework/math/MathUtil.h" />
		<Unit filename="../../core/framework/math/NGRect.cpp" />
		<Unit filename="../../core/framework/math/NGRect.h" />
		<Unit filename="../../core/framework/math/OverlapTester.cpp" />
		<Unit filename="../../core/framework/math/OverlapTester.h" />
		<Unit filename="../../core/framework/math/Triangle.cpp" />
		<Unit filename="../../core/framework/math/Triangle.h" />
		<Unit filename="../../core/framework/math/Vector2.cpp" />
		<Unit filename="../../core/framework/math/Vector2.h" />
		<Unit filename="../../core/framework/network/client/ClientHelper.cpp" />
		<Unit filename="../../core/framework/network/client/ClientHelper.h" />
		<Unit filename="../../core/framework/network/client/NetworkManagerClient.cpp" />
		<Unit filename="../../core/framework/network/client/NetworkManagerClient.h" />
		<Unit filename="../../core/framework/network/client/ReplicationManagerClient.cpp" />
		<Unit filename="../../core/framework/network/client/ReplicationManagerClient.h" />
		<Unit filename="../../core/framework/network/client/SocketClientHelper.cpp" />
		<Unit filename="../../core/framework/network/client/SocketClientHelper.h" />
		<Unit filename="../../core/framework/network/portable/AckRange.cpp" />
		<Unit filename="../../core/framework/network/portable/AckRange.h" />
		<Unit filename="../../core/framework/network/portable/DeliveryNotificationManager.cpp" />
		<Unit filename="../../core/framework/network/portable/DeliveryNotificationManager.h" />
		<Unit filename="../../core/framework/network/portable/FWInstanceManager.cpp" />
		<Unit filename="../../core/framework/network/portable/FWInstanceManager.h" />
		<Unit filename="../../core/framework/network/portable/InFlightPacket.cpp" />
		<Unit filename="../../core/framework/network/portable/InFlightPacket.h" />
		<Unit filename="../../core/framework/network/portable/InputMemoryBitStream.cpp" />
		<Unit filename="../../core/framework/network/portable/InputMemoryBitStream.h" />
		<Unit filename="../../core/framework/network/portable/InputState.cpp" />
		<Unit filename="../../core/framework/network/portable/InputState.h" />
		<Unit filename="../../core/framework/network/portable/MachineAddress.cpp" />
		<Unit filename="../../core/framework/network/portable/MachineAddress.h" />
		<Unit filename="../../core/framework/network/portable/Move.cpp" />
		<Unit filename="../../core/framework/network/portable/Move.h" />
		<Unit filename="../../core/framework/network/portable/MoveList.cpp" />
		<Unit filename="../../core/framework/network/portable/MoveList.h" />
		<Unit filename="../../core/framework/network/portable/Network.h" />
		<Unit filename="../../core/framework/network/portable/NetworkHelper.cpp" />
		<Unit filename="../../core/framework/network/portable/NetworkHelper.h" />
		<Unit filename="../../core/framework/network/portable/OutputMemoryBitStream.cpp" />
		<Unit filename="../../core/framework/network/portable/OutputMemoryBitStream.h" />
		<Unit filename="../../core/framework/network/portable/PacketHandler.cpp" />
		<Unit filename="../../core/framework/network/portable/PacketHandler.h" />
		<Unit filename="../../core/framework/network/portable/ReplicationAction.h" />
		<Unit filename="../../core/framework/network/portable/ReplicationCommand.cpp" />
		<Unit filename="../../core/framework/network/portable/ReplicationCommand.h" />
		<Unit filename="../../core/framework/network/portable/SocketAddress.cpp" />
		<Unit filename="../../core/framework/network/portable/SocketAddress.h" />
		<Unit filename="../../core/framework/network/portable/SocketAddressFactory.cpp" />
		<Unit filename="../../core/framework/network/portable/SocketAddressFactory.h" />
		<Unit filename="../../core/framework/network/portable/SocketAddressFamily.h" />
		<Unit filename="../../core/framework/network/portable/SocketPacketHandler.cpp" />
		<Unit filename="../../core/framework/network/portable/SocketPacketHandler.h" />
		<Unit filename="../../core/framework/network/portable/SocketUtil.cpp" />
		<Unit filename="../../core/framework/network/portable/SocketUtil.h" />
		<Unit filename="../../core/framework/network/portable/TransmissionData.cpp" />
		<Unit filename="../../core/framework/network/portable/TransmissionData.h" />
		<Unit filename="../../core/framework/network/portable/UDPSocket.cpp" />
		<Unit filename="../../core/framework/network/portable/UDPSocket.h" />
		<Unit filename="../../core/framework/network/server/ClientProxy.cpp" />
		<Unit filename="../../core/framework/network/server/ClientProxy.h" />
		<Unit filename="../../core/framework/network/server/NetworkManagerServer.cpp" />
		<Unit filename="../../core/framework/network/server/NetworkManagerServer.h" />
		<Unit filename="../../core/framework/network/server/ReplicationManagerServer.cpp" />
		<Unit filename="../../core/framework/network/server/ReplicationManagerServer.h" />
		<Unit filename="../../core/framework/network/server/ReplicationManagerTransmissionData.cpp" />
		<Unit filename="../../core/framework/network/server/ReplicationManagerTransmissionData.h" />
		<Unit filename="../../core/framework/network/server/ServerHelper.cpp" />
		<Unit filename="../../core/framework/network/server/ServerHelper.h" />
		<Unit filename="../../core/framework/network/server/SocketServerHelper.cpp" />
		<Unit filename="../../core/framework/network/server/SocketServerHelper.h" />
		<Unit filename="../../core/framework/network/steam/NGSteam.cpp" />
		<Unit filename="../../core/framework/network/steam/NGSteam.h" />
		<Unit filename="../../core/framework/network/steam/NGSteamAddress.cpp" />
		<Unit filename="../../core/framework/network/steam/NGSteamAddress.h" />
		<Unit filename="../../core/framework/network/steam/NGSteamClientHelper.cpp" />
		<Unit filename="../../core/framework/network/steam/NGSteamClientHelper.h" />
		<Unit filename="../../core/framework/network/steam/NGSteamGameServer.cpp" />
		<Unit filename="../../core/framework/network/steam/NGSteamGameServer.h" />
		<Unit filename="../../core/framework/network/steam/NGSteamGameServices.cpp" />
		<Unit filename="../../core/framework/network/steam/NGSteamGameServices.h" />
		<Unit filename="../../core/framework/network/steam/NGSteamP2PAuth.cpp" />
		<Unit filename="../../core/framework/network/steam/NGSteamP2PAuth.h" />
		<Unit filename="../../core/framework/network/steam/NGSteamPacketHandler.cpp" />
		<Unit filename="../../core/framework/network/steam/NGSteamPacketHandler.h" />
		<Unit filename="../../core/framework/network/steam/NGSteamServerHelper.cpp" />
		<Unit filename="../../core/framework/network/steam/NGSteamServerHelper.h" />
		<Unit filename="../../core/framework/util/ContainerUtil.h" />
		<Unit filename="../../core/framework/util/FPSUtil.cpp" />
		<Unit filename="../../core/framework/util/FPSUtil.h" />
		<Unit filename="../../core/framework/util/FlagUtil.h" />
		<Unit filename="../../core/framework/util/FrameworkConstants.h" />
		<Unit filename="../../core/framework/util/HashMap.h" />
		<Unit filename="../../core/framework/util/NGExtension.cpp" />
		<Unit filename="../../core/framework/util/NGExtension.h" />
		<Unit filename="../../core/framework/util/NGPool.h" />
		<Unit filename="../../core/framework/util/NGRTTI.cpp" />
		<Unit filename="../../core/framework/util/NGRTTI.h" />
		<Unit filename="../../core/framework/util/NGRollingPool.h" />
		<Unit filename="../../core/framework/util/NGSTDUtil.h" />
		<Unit filename="../../core/framework/util/Pool.h" />
		<Unit filename="../../core/framework/util/State.h" />
		<Unit filename="../../core/framework/util/StateMachine.h" />
		<Unit filename="../../core/framework/util/StringUtil.cpp" />
		<Unit filename="../../core/framework/util/StringUtil.h" />
		<Unit filename="../../core/framework/util/Timing.cpp" />
		<Unit filename="../../core/framework/util/Timing.h" />
		<Unit filename="../../core/framework/util/Vector.h" />
		<Unit filename="../../core/framework/util/WeightedTimedMovingAverage.cpp" />
		<Unit filename="../../core/framework/util/WeightedTimedMovingAverage.h" />
		<Unit filename="../../core/framework/util/macros.h" />
		<Unit filename="../../core/game/graphics/portable/MainAssetsMapper.cpp" />
		<Unit filename="../../core/game/graphics/portable/MainAssetsMapper.h" />
		<Unit filename="../../core/game/graphics/portable/MainRenderer.cpp" />
		<Unit filename="../../core/game/graphics/portable/MainRenderer.h" />
		<Unit filename="../../core/game/logic/Crate.cpp" />
		<Unit filename="../../core/game/logic/Crate.h" />
		<Unit filename="../../core/game/logic/GameConstants.h" />
		<Unit filename="../../core/game/logic/Ground.cpp" />
		<Unit filename="../../core/game/logic/Ground.h" />
		<Unit filename="../../core/game/logic/InputManager.cpp" />
		<Unit filename="../../core/game/logic/InputManager.h" />
		<Unit filename="../../core/game/logic/MainEngine.cpp" />
		<Unit filename="../../core/game/logic/MainEngine.h" />
		<Unit filename="../../core/game/logic/MainEngineState.h" />
		<Unit filename="../../core/game/logic/PooledObjectsManager.cpp" />
		<Unit filename="../../core/game/logic/PooledObjectsManager.h" />
		<Unit filename="../../core/game/logic/Projectile.cpp" />
		<Unit filename="../../core/game/logic/Projectile.h" />
		<Unit filename="../../core/game/logic/Robot.cpp" />
		<Unit filename="../../core/game/logic/Robot.h" />
		<Unit filename="../../core/game/logic/SpacePirate.cpp" />
		<Unit filename="../../core/game/logic/SpacePirate.h" />
		<Unit filename="../../core/game/logic/SpacePirateChunk.cpp" />
		<Unit filename="../../core/game/logic/SpacePirateChunk.h" />
		<Unit filename="../../core/game/logic/Util.cpp" />
		<Unit filename="../../core/game/logic/Util.h" />
		<Unit filename="../../core/game/logic/World.cpp" />
		<Unit filename="../../core/game/logic/World.h" />
		<Unit filename="../../core/game/network/InstanceManager.cpp" />
		<Unit filename="../../core/game/network/InstanceManager.h" />
		<Unit filename="../../core/game/network/MainInputState.cpp" />
		<Unit filename="../../core/game/network/MainInputState.h" />
		<Unit filename="../../core/game/network/Server.cpp" />
		<Unit filename="../../core/game/network/Server.h" />
		<Unit filename="main.cpp" />
		<Unit filename="pch.h" />
		<Extensions>
			<code_completion />
			<envvars />
			<debugger />
			<lib_finder disable_auto="1" />
		</Extensions>
	</Project>
</CodeBlocks_project_file>
